
Microsoft Visual Studio Solution File, Format Version 12.00
# Visual Studio 15
VisualStudioVersion = 15.0.26730.12
MinimumVisualStudioVersion = 10.0.40219.1
Project("{FAE04EC0-301F-11D3-BF4B-00C04F79EFBC}") = "OData.Sample", "OData.Sample\OData.Sample.csproj", "{D4BAFB41-5669-4B47-850A-92F1F3A2CDDE}"
EndProject
Project("{FAE04EC0-301F-11D3-BF4B-00C04F79EFBC}") = "OData.Sample.Tests", "OData.Sample.Tests\OData.Sample.Tests.csproj", "{ED712008-5CF1-4363-983B-5850C6304C5C}"
EndProject
Global
	GlobalSection(SolutionConfigurationPlatforms) = preSolution
		Debug|Any CPU = Debug|Any CPU
		Release|Any CPU = Release|Any CPU
	EndGlobalSection
	GlobalSection(ProjectConfigurationPlatforms) = postSolution
		{D4BAFB41-5669-4B47-850A-92F1F3A2CDDE}.Debug|Any CPU.ActiveCfg = Debug|Any CPU
		{D4BAFB41-5669-4B47-850A-92F1F3A2CDDE}.Debug|Any CPU.Build.0 = Debug|Any CPU
		{D4BAFB41-5669-4B47-850A-92F1F3A2CDDE}.Release|Any CPU.ActiveCfg = Release|Any CPU
		{D4BAFB41-5669-4B47-850A-92F1F3A2CDDE}.Release|Any CPU.Build.0 = Release|Any CPU
		{ED712008-5CF1-4363-983B-5850C6304C5C}.Debug|Any CPU.ActiveCfg = Debug|Any CPU
		{ED712008-5CF1-4363-983B-5850C6304C5C}.Debug|Any CPU.Build.0 = Debug|Any CPU
		{ED712008-5CF1-4363-983B-5850C6304C5C}.Release|Any CPU.ActiveCfg = Release|Any CPU
		{ED712008-5CF1-4363-983B-5850C6304C5C}.Release|Any CPU.Build.0 = Release|Any CPU
	EndGlobalSection
	GlobalSection(SolutionProperties) = preSolution
		HideSolutionNode = FALSE
	EndGlobalSection
	GlobalSection(ExtensibilityGlobals) = postSolution
		SolutionGuid = {A242E72C-CF9B-4A31-A0E4-796649C2AEE7}
	EndGlobalSection
EndGlobal
